
Microsoft Visual Studio Solution File, Format Version 12.00
# Visual Studio Version 16
VisualStudioVersion = 16.0.29911.84
MinimumVisualStudioVersion = 10.0.40219.1
Project("{FAE04EC0-301F-11D3-BF4B-00C04F79EFBC}") = "antico.app", "antico\antico.app.csproj", "{E02FB710-F1B5-4572-B0EB-D256C355CA85}"
	ProjectSection(ProjectDependencies) = postProject
		{CAF4F82F-5D21-4A55-945C-957C5C78C923} = {CAF4F82F-5D21-4A55-945C-957C5C78C923}
		{A9CBCFFF-BA77-4152-949E-6FEA7E65BFC4} = {A9CBCFFF-BA77-4152-949E-6FEA7E65BFC4}
	EndProjectSection
EndProject
Project("{9A19103F-16F7-4668-BE54-9A1E7A4F7556}") = "antico.abcp", "antico.abcp\antico.abcp.csproj", "{CAF4F82F-5D21-4A55-945C-957C5C78C923}"
EndProject
Project("{9A19103F-16F7-4668-BE54-9A1E7A4F7556}") = "antico.data", "antico.data\antico.data.csproj", "{A9CBCFFF-BA77-4152-949E-6FEA7E65BFC4}"
EndProject
Global
	GlobalSection(SolutionConfigurationPlatforms) = preSolution
		Debug|Any CPU = Debug|Any CPU
		Release|Any CPU = Release|Any CPU
	EndGlobalSection
	GlobalSection(ProjectConfigurationPlatforms) = postSolution
		{E02FB710-F1B5-4572-B0EB-D256C355CA85}.Debug|Any CPU.ActiveCfg = Debug|Any CPU
		{E02FB710-F1B5-4572-B0EB-D256C355CA85}.Debug|Any CPU.Build.0 = Debug|Any CPU
		{E02FB710-F1B5-4572-B0EB-D256C355CA85}.Release|Any CPU.ActiveCfg = Release|Any CPU
		{E02FB710-F1B5-4572-B0EB-D256C355CA85}.Release|Any CPU.Build.0 = Release|Any CPU
		{CAF4F82F-5D21-4A55-945C-957C5C78C923}.Debug|Any CPU.ActiveCfg = Debug|Any CPU
		{CAF4F82F-5D21-4A55-945C-957C5C78C923}.Debug|Any CPU.Build.0 = Debug|Any CPU
		{CAF4F82F-5D21-4A55-945C-957C5C78C923}.Release|Any CPU.ActiveCfg = Release|Any CPU
		{CAF4F82F-5D21-4A55-945C-957C5C78C923}.Release|Any CPU.Build.0 = Release|Any CPU
		{A9CBCFFF-BA77-4152-949E-6FEA7E65BFC4}.Debug|Any CPU.ActiveCfg = Debug|Any CPU
		{A9CBCFFF-BA77-4152-949E-6FEA7E65BFC4}.Debug|Any CPU.Build.0 = Debug|Any CPU
		{A9CBCFFF-BA77-4152-949E-6FEA7E65BFC4}.Release|Any CPU.ActiveCfg = Release|Any CPU
		{A9CBCFFF-BA77-4152-949E-6FEA7E65BFC4}.Release|Any CPU.Build.0 = Release|Any CPU
	EndGlobalSection
	GlobalSection(SolutionProperties) = preSolution
		HideSolutionNode = FALSE
	EndGlobalSection
	GlobalSection(ExtensibilityGlobals) = postSolution
		SolutionGuid = {30E52AC5-C739-4F70-83F2-EC34EA33B22E}
	EndGlobalSection
EndGlobal
